// !$*UTF8*$!
{
	archiveVersion = 1;
	classes = {
	};
	objectVersion = 50;
	objects = {

/* Begin PBXBuildFile section */
		F60234852461ADD9006B23BA /* Main.storyboard in Resources */ = {isa = PBXBuildFile; fileRef = F60234832461ADD9006B23BA /* Main.storyboard */; };
		F60234862461ADD9006B23BA /* LaunchScreen.storyboard in Resources */ = {isa = PBXBuildFile; fileRef = F60234842461ADD9006B23BA /* LaunchScreen.storyboard */; };
		F6BF8F6F2461ACB20017713E /* AppDelegate.swift in Sources */ = {isa = PBXBuildFile; fileRef = F6BF8F6E2461ACB20017713E /* AppDelegate.swift */; };
		F6BF8F732461ACB20017713E /* ViewController.swift in Sources */ = {isa = PBXBuildFile; fileRef = F6BF8F722461ACB20017713E /* ViewController.swift */; };
		F6BF8F782461ACB30017713E /* Assets.xcassets in Resources */ = {isa = PBXBuildFile; fileRef = F6BF8F772461ACB30017713E /* Assets.xcassets */; };
		F6EDAEEF2461F1C9009D64D2 /* Localizable.strings in Resources */ = {isa = PBXBuildFile; fileRef = F6EDAEF12461F1C9009D64D2 /* Localizable.strings */; };
/* End PBXBuildFile section */

/* Begin PBXFileReference section */
		F60234832461ADD9006B23BA /* Main.storyboard */ = {isa = PBXFileReference; fileEncoding = 4; lastKnownFileType = file.storyboard; path = Main.storyboard; sourceTree = "<group>"; };
		F60234842461ADD9006B23BA /* LaunchScreen.storyboard */ = {isa = PBXFileReference; fileEncoding = 4; lastKnownFileType = file.storyboard; path = LaunchScreen.storyboard; sourceTree = "<group>"; };
		F6BF8F6B2461ACB20017713E /* TranslationsPOC.app */ = {isa = PBXFileReference; explicitFileType = wrapper.application; includeInIndex = 0; path = TranslationsPOC.app; sourceTree = BUILT_PRODUCTS_DIR; };
		F6BF8F6E2461ACB20017713E /* AppDelegate.swift */ = {isa = PBXFileReference; lastKnownFileType = sourcecode.swift; path = AppDelegate.swift; sourceTree = "<group>"; };
		F6BF8F722461ACB20017713E /* ViewController.swift */ = {isa = PBXFileReference; lastKnownFileType = sourcecode.swift; path = ViewController.swift; sourceTree = "<group>"; };
		F6BF8F772461ACB30017713E /* Assets.xcassets */ = {isa = PBXFileReference; lastKnownFileType = folder.assetcatalog; path = Assets.xcassets; sourceTree = "<group>"; };
		F6BF8F7C2461ACB30017713E /* Info.plist */ = {isa = PBXFileReference; lastKnownFileType = text.plist.xml; path = Info.plist; sourceTree = "<group>"; };
		F6EDAEF02461F1C9009D64D2 /* en */ = {isa = PBXFileReference; lastKnownFileType = text.plist.strings; name = en; path = en.lproj/Localizable.strings; sourceTree = "<group>"; };
		F6EDAEF42461F1D8009D64D2 /* de */ = {isa = PBXFileReference; lastKnownFileType = text.plist.strings; name = de; path = de.lproj/Localizable.strings; sourceTree = "<group>"; };
/* End PBXFileReference section */

/* Begin PBXFrameworksBuildPhase section */
		F6BF8F682461ACB20017713E /* Frameworks */ = {
			isa = PBXFrameworksBuildPhase;
			buildActionMask = 2147483647;
			files = (
			);
			runOnlyForDeploymentPostprocessing = 0;
		};
/* End PBXFrameworksBuildPhase section */

/* Begin PBXGroup section */
		F602347F2461AD03006B23BA /* Resources */ = {
			isa = PBXGroup;
			children = (
				F6661AC22461F05B00E34E42 /* Localizable */,
				F6BF8F772461ACB30017713E /* Assets.xcassets */,
			);
			path = Resources;
			sourceTree = "<group>";
		};
		F60234812461AD83006B23BA /* Configuration */ = {
			isa = PBXGroup;
			children = (
				F6BF8F7C2461ACB30017713E /* Info.plist */,
			);
			path = Configuration;
			sourceTree = "<group>";
		};
		F60234822461AD91006B23BA /* Storyboards */ = {
			isa = PBXGroup;
			children = (
				F60234842461ADD9006B23BA /* LaunchScreen.storyboard */,
				F60234832461ADD9006B23BA /* Main.storyboard */,
			);
			path = Storyboards;
			sourceTree = "<group>";
		};
		F6661AC22461F05B00E34E42 /* Localizable */ = {
			isa = PBXGroup;
			children = (
				F6EDAEF12461F1C9009D64D2 /* Localizable.strings */,
			);
			path = Localizable;
			sourceTree = "<group>";
		};
		F6BF8F622461ACB20017713E = {
			isa = PBXGroup;
			children = (
				F6BF8F6D2461ACB20017713E /* TranslationsPOC */,
				F6BF8F6C2461ACB20017713E /* Products */,
			);
			sourceTree = "<group>";
		};
		F6BF8F6C2461ACB20017713E /* Products */ = {
			isa = PBXGroup;
			children = (
				F6BF8F6B2461ACB20017713E /* TranslationsPOC.app */,
			);
			name = Products;
			sourceTree = "<group>";
		};
		F6BF8F6D2461ACB20017713E /* TranslationsPOC */ = {
			isa = PBXGroup;
			children = (
				F60234822461AD91006B23BA /* Storyboards */,
				F60234812461AD83006B23BA /* Configuration */,
				F602347F2461AD03006B23BA /* Resources */,
				F6BF8F6E2461ACB20017713E /* AppDelegate.swift */,
				F6BF8F722461ACB20017713E /* ViewController.swift */,
			);
			path = TranslationsPOC;
			sourceTree = "<group>";
		};
/* End PBXGroup section */

/* Begin PBXNativeTarget section */
		F6BF8F6A2461ACB20017713E /* TranslationsPOC */ = {
			isa = PBXNativeTarget;
			buildConfigurationList = F6BF8F7F2461ACB30017713E /* Build configuration list for PBXNativeTarget "TranslationsPOC" */;
			buildPhases = (
				F6BF8F672461ACB20017713E /* Sources */,
				F6BF8F682461ACB20017713E /* Frameworks */,
				F6BF8F692461ACB20017713E /* Resources */,
			);
			buildRules = (
			);
			dependencies = (
			);
			name = TranslationsPOC;
			productName = TranslationsPOC;
			productReference = F6BF8F6B2461ACB20017713E /* TranslationsPOC.app */;
			productType = "com.apple.product-type.application";
		};
/* End PBXNativeTarget section */

/* Begin PBXProject section */
		F6BF8F632461ACB20017713E /* Project object */ = {
			isa = PBXProject;
			attributes = {
				LastSwiftUpdateCheck = 1130;
				LastUpgradeCheck = 1130;
				ORGANIZATIONNAME = "Mykola Sheika";
				TargetAttributes = {
					F6BF8F6A2461ACB20017713E = {
						CreatedOnToolsVersion = 11.3.1;
					};
				};
			};
			buildConfigurationList = F6BF8F662461ACB20017713E /* Build configuration list for PBXProject "TranslationsPOC" */;
			compatibilityVersion = "Xcode 9.3";
			developmentRegion = en;
			hasScannedForEncodings = 0;
			knownRegions = (
				en,
				Base,
				de,
			);
			mainGroup = F6BF8F622461ACB20017713E;
			productRefGroup = F6BF8F6C2461ACB20017713E /* Products */;
			projectDirPath = "";
			projectRoot = "";
			targets = (
				F6BF8F6A2461ACB20017713E /* TranslationsPOC */,
			);
		};
/* End PBXProject section */

/* Begin PBXResourcesBuildPhase section */
		F6BF8F692461ACB20017713E /* Resources */ = {
			isa = PBXResourcesBuildPhase;
			buildActionMask = 2147483647;
			files = (
				F60234862461ADD9006B23BA /* LaunchScreen.storyboard in Resources */,
				F6EDAEEF2461F1C9009D64D2 /* Localizable.strings in Resources */,
				F6BF8F782461ACB30017713E /* Assets.xcassets in Resources */,
				F60234852461ADD9006B23BA /* Main.storyboard in Resources */,
			);
			runOnlyForDeploymentPostprocessing = 0;
		};
/* End PBXResourcesBuildPhase section */

/* Begin PBXSourcesBuildPhase section */
		F6BF8F672461ACB20017713E /* Sources */ = {
			isa = PBXSourcesBuildPhase;
			buildActionMask = 2147483647;
			files = (
				F6BF8F732461ACB20017713E /* ViewController.swift in Sources */,
				F6BF8F6F2461ACB20017713E /* AppDelegate.swift in Sources */,
			);
			runOnlyForDeploymentPostprocessing = 0;
		};
/* End PBXSourcesBuildPhase section */

/* Begin PBXVariantGroup section */
		F6EDAEF12461F1C9009D64D2 /* Localizable.strings */ = {
			isa = PBXVariantGroup;
			children = (
				F6EDAEF02461F1C9009D64D2 /* en */,
				F6EDAEF42461F1D8009D64D2 /* de */,
			);
			name = Localizable.strings;
			sourceTree = "<group>";
		};
/* End PBXVariantGroup section */

/* Begin XCBuildConfiguration section */
		F6BF8F7D2461ACB30017713E /* Debug */ = {
			isa = XCBuildConfiguration;
			buildSettings = {
				ALWAYS_SEARCH_USER_PATHS = NO;
				CLANG_ANALYZER_NONNULL = YES;
				CLANG_ANALYZER_NUMBER_OBJECT_CONVERSION = YES_AGGRESSIVE;
				CLANG_CXX_LANGUAGE_STANDARD = "gnu++14";
				CLANG_CXX_LIBRARY = "libc++";
				CLANG_ENABLE_MODULES = YES;
				CLANG_ENABLE_OBJC_ARC = YES;
				CLANG_ENABLE_OBJC_WEAK = YES;
				CLANG_WARN_BLOCK_CAPTURE_AUTORELEASING = YES;
				CLANG_WARN_BOOL_CONVERSION = YES;
				CLANG_WARN_COMMA = YES;
				CLANG_WARN_CONSTANT_CONVERSION = YES;
				CLANG_WARN_DEPRECATED_OBJC_IMPLEMENTATIONS = YES;
				CLANG_WARN_DIRECT_OBJC_ISA_USAGE = YES_ERROR;
				CLANG_WARN_DOCUMENTATION_COMMENTS = YES;
				CLANG_WARN_EMPTY_BODY = YES;
				CLANG_WARN_ENUM_CONVERSION = YES;
				CLANG_WARN_INFINITE_RECURSION = YES;
				CLANG_WARN_INT_CONVERSION = YES;
				CLANG_WARN_NON_LITERAL_NULL_CONVERSION = YES;
				CLANG_WARN_OBJC_IMPLICIT_RETAIN_SELF = YES;
				CLANG_WARN_OBJC_LITERAL_CONVERSION = YES;
				CLANG_WARN_OBJC_ROOT_CLASS = YES_ERROR;
				CLANG_WARN_RANGE_LOOP_ANALYSIS = YES;
				CLANG_WARN_STRICT_PROTOTYPES = YES;
				CLANG_WARN_SUSPICIOUS_MOVE = YES;
				CLANG_WARN_UNGUARDED_AVAILABILITY = YES_AGGRESSIVE;
				CLANG_WARN_UNREACHABLE_CODE = YES;
				CLANG_WARN__DUPLICATE_METHOD_MATCH = YES;
				COPY_PHASE_STRIP = NO;
				DEBUG_INFORMATION_FORMAT = dwarf;
				ENABLE_STRICT_OBJC_MSGSEND = YES;
				ENABLE_TESTABILITY = YES;
				GCC_C_LANGUAGE_STANDARD = gnu11;
				GCC_DYNAMIC_NO_PIC = NO;
				GCC_NO_COMMON_BLOCKS = YES;
				GCC_OPTIMIZATION_LEVEL = 0;
				GCC_PREPROCESSOR_DEFINITIONS = (
					"DEBUG=1",
					"$(inherited)",
				);
				GCC_WARN_64_TO_32_BIT_CONVERSION = YES;
				GCC_WARN_ABOUT_RETURN_TYPE = YES_ERROR;
				GCC_WARN_UNDECLARED_SELECTOR = YES;
				GCC_WARN_UNINITIALIZED_AUTOS = YES_AGGRESSIVE;
				GCC_WARN_UNUSED_FUNCTION = YES;
				GCC_WARN_UNUSED_VARIABLE = YES;
				IPHONEOS_DEPLOYMENT_TARGET = 10.0;
				MTL_ENABLE_DEBUG_INFO = INCLUDE_SOURCE;
				MTL_FAST_MATH = YES;
				ONLY_ACTIVE_ARCH = YES;
				SDKROOT = iphoneos;
				SWIFT_ACTIVE_COMPILATION_CONDITIONS = DEBUG;
				SWIFT_OPTIMIZATION_LEVEL = "-Onone";
			};
			name = Debug;
		};
		F6BF8F7E2461ACB30017713E /* Release */ = {
			isa = XCBuildConfiguration;
			buildSettings = {
				ALWAYS_SEARCH_USER_PATHS = NO;
				CLANG_ANALYZER_NONNULL = YES;
				CLANG_ANALYZER_NUMBER_OBJECT_CONVERSION = YES_AGGRESSIVE;
				CLANG_CXX_LANGUAGE_STANDARD = "gnu++14";
				CLANG_CXX_LIBRARY = "libc++";
				CLANG_ENABLE_MODULES = YES;
				CLANG_ENABLE_OBJC_ARC = YES;
				CLANG_ENABLE_OBJC_WEAK = YES;
				CLANG_WARN_BLOCK_CAPTURE_AUTORELEASING = YES;
				CLANG_WARN_BOOL_CONVERSION = YES;
				CLANG_WARN_COMMA = YES;
				CLANG_WARN_CONSTANT_CONVERSION = YES;
				CLANG_WARN_DEPRECATED_OBJC_IMPLEMENTATIONS = YES;
				CLANG_WARN_DIRECT_OBJC_ISA_USAGE = YES_ERROR;
				CLANG_WARN_DOCUMENTATION_COMMENTS = YES;
				CLANG_WARN_EMPTY_BODY = YES;
				CLANG_WARN_ENUM_CONVERSION = YES;
				CLANG_WARN_INFINITE_RECURSION = YES;
				CLANG_WARN_INT_CONVERSION = YES;
				CLANG_WARN_NON_LITERAL_NULL_CONVERSION = YES;
				CLANG_WARN_OBJC_IMPLICIT_RETAIN_SELF = YES;
				CLANG_WARN_OBJC_LITERAL_CONVERSION = YES;
				CLANG_WARN_OBJC_ROOT_CLASS = YES_ERROR;
				CLANG_WARN_RANGE_LOOP_ANALYSIS = YES;
				CLANG_WARN_STRICT_PROTOTYPES = YES;
				CLANG_WARN_SUSPICIOUS_MOVE = YES;
				CLANG_WARN_UNGUARDED_AVAILABILITY = YES_AGGRESSIVE;
				CLANG_WARN_UNREACHABLE_CODE = YES;
				CLANG_WARN__DUPLICATE_METHOD_MATCH = YES;
				COPY_PHASE_STRIP = NO;
				DEBUG_INFORMATION_FORMAT = "dwarf-with-dsym";
				ENABLE_NS_ASSERTIONS = NO;
				ENABLE_STRICT_OBJC_MSGSEND = YES;
				GCC_C_LANGUAGE_STANDARD = gnu11;
				GCC_NO_COMMON_BLOCKS = YES;
				GCC_WARN_64_TO_32_BIT_CONVERSION = YES;
				GCC_WARN_ABOUT_RETURN_TYPE = YES_ERROR;
				GCC_WARN_UNDECLARED_SELECTOR = YES;
				GCC_WARN_UNINITIALIZED_AUTOS = YES_AGGRESSIVE;
				GCC_WARN_UNUSED_FUNCTION = YES;
				GCC_WARN_UNUSED_VARIABLE = YES;
				IPHONEOS_DEPLOYMENT_TARGET = 10.0;
				MTL_ENABLE_DEBUG_INFO = NO;
				MTL_FAST_MATH = YES;
				SDKROOT = iphoneos;
				SWIFT_COMPILATION_MODE = wholemodule;
				SWIFT_OPTIMIZATION_LEVEL = "-O";
				VALIDATE_PRODUCT = YES;
			};
			name = Release;
		};
		F6BF8F802461ACB30017713E /* Debug */ = {
			isa = XCBuildConfiguration;
			buildSettings = {
				ASSETCATALOG_COMPILER_APPICON_NAME = AppIcon;
				CODE_SIGN_STYLE = Automatic;
				INFOPLIST_FILE = TranslationsPOC/Configuration/Info.plist;
				LD_RUNPATH_SEARCH_PATHS = (
					"$(inherited)",
					"@executable_path/Frameworks",
				);
				PRODUCT_BUNDLE_IDENTIFIER = MS.TranslationsPOC;
				PRODUCT_NAME = "$(TARGET_NAME)";
				SWIFT_VERSION = 5.0;
				TARGETED_DEVICE_FAMILY = "1,2";
			};
			name = Debug;
		};
		F6BF8F812461ACB30017713E /* Release */ = {
			isa = XCBuildConfiguration;
			buildSettings = {
				ASSETCATALOG_COMPILER_APPICON_NAME = AppIcon;
				CODE_SIGN_STYLE = Automatic;
				INFOPLIST_FILE = TranslationsPOC/Configuration/Info.plist;
				LD_RUNPATH_SEARCH_PATHS = (
					"$(inherited)",
					"@executable_path/Frameworks",
				);
				PRODUCT_BUNDLE_IDENTIFIER = MS.TranslationsPOC;
				PRODUCT_NAME = "$(TARGET_NAME)";
				SWIFT_VERSION = 5.0;
				TARGETED_DEVICE_FAMILY = "1,2";
			};
			name = Release;
		};
/* End XCBuildConfiguration section */

/* Begin XCConfigurationList section */
		F6BF8F662461ACB20017713E /* Build configuration list for PBXProject "TranslationsPOC" */ = {
			isa = XCConfigurationList;
			buildConfigurations = (
				F6BF8F7D2461ACB30017713E /* Debug */,
				F6BF8F7E2461ACB30017713E /* Release */,
			);
			defaultConfigurationIsVisible = 0;
			defaultConfigurationName = Release;
		};
		F6BF8F7F2461ACB30017713E /* Build configuration list for PBXNativeTarget "TranslationsPOC" */ = {
			isa = XCConfigurationList;
			buildConfigurations = (
				F6BF8F802461ACB30017713E /* Debug */,
				F6BF8F812461ACB30017713E /* Release */,
			);
			defaultConfigurationIsVisible = 0;
			defaultConfigurationName = Release;
		};
/* End XCConfigurationList section */
	};
	rootObject = F6BF8F632461ACB20017713E /* Project object */;
}
